
Microsoft Visual Studio Solution File, Format Version 12.00
# Visual Studio Version 17
VisualStudioVersion = 17.5.33424.131
MinimumVisualStudioVersion = 10.0.40219.1
Project("{FAE04EC0-301F-11D3-BF4B-00C04F79EFBC}") = "Homework2_1", "Homework2_1.csproj", "{FEEF2EC0-D272-42A9-AD3F-D4E8BDC5BB08}"
EndProject
Global
	GlobalSection(SolutionConfigurationPlatforms) = preSolution
		Debug|Any CPU = Debug|Any CPU
		Release|Any CPU = Release|Any CPU
	EndGlobalSection
	GlobalSection(ProjectConfigurationPlatforms) = postSolution
		{FEEF2EC0-D272-42A9-AD3F-D4E8BDC5BB08}.Debug|Any CPU.ActiveCfg = Debug|Any CPU
		{FEEF2EC0-D272-42A9-AD3F-D4E8BDC5BB08}.Debug|Any CPU.Build.0 = Debug|Any CPU
		{FEEF2EC0-D272-42A9-AD3F-D4E8BDC5BB08}.Release|Any CPU.ActiveCfg = Release|Any CPU
		{FEEF2EC0-D272-42A9-AD3F-D4E8BDC5BB08}.Release|Any CPU.Build.0 = Release|Any CPU
	EndGlobalSection
	GlobalSection(SolutionProperties) = preSolution
		HideSolutionNode = FALSE
	EndGlobalSection
	GlobalSection(ExtensibilityGlobals) = postSolution
		SolutionGuid = {E18BE196-B560-4F57-9785-A0A7DAD66449}
	EndGlobalSection
EndGlobal
